
Microsoft Visual Studio Solution File, Format Version 12.00
# Visual Studio 14
VisualStudioVersion = 14.0.25420.1
MinimumVisualStudioVersion = 10.0.40219.1
Project("{FAE04EC0-301F-11D3-BF4B-00C04F79EFBC}") = "OrleansSilo", "OrleansSilo\OrleansSilo.csproj", "{C933B0AE-9A41-42E7-B795-3FAE8D984181}"
EndProject
Project("{FAE04EC0-301F-11D3-BF4B-00C04F79EFBC}") = "OrleansClient", "OrleansClient\OrleansClient.csproj", "{AC173DEB-8559-4353-BFA9-55E77F071B99}"
EndProject
Project("{FAE04EC0-301F-11D3-BF4B-00C04F79EFBC}") = "HelloWorldInterfaces", "HelloWorldInterfaces\HelloWorldInterfaces.csproj", "{EB53BE70-3BA4-40EB-8646-096693448404}"
EndProject
Project("{FAE04EC0-301F-11D3-BF4B-00C04F79EFBC}") = "HelloWorldGrains", "HelloWorldGrains\HelloWorldGrains.csproj", "{D88F6A90-CC94-42D1-ABCC-D31BD0F8FE94}"
EndProject
Global
	GlobalSection(SolutionConfigurationPlatforms) = preSolution
		Debug|Any CPU = Debug|Any CPU
		Release|Any CPU = Release|Any CPU
	EndGlobalSection
	GlobalSection(ProjectConfigurationPlatforms) = postSolution
		{C933B0AE-9A41-42E7-B795-3FAE8D984181}.Debug|Any CPU.ActiveCfg = Debug|Any CPU
		{C933B0AE-9A41-42E7-B795-3FAE8D984181}.Debug|Any CPU.Build.0 = Debug|Any CPU
		{C933B0AE-9A41-42E7-B795-3FAE8D984181}.Release|Any CPU.ActiveCfg = Release|Any CPU
		{C933B0AE-9A41-42E7-B795-3FAE8D984181}.Release|Any CPU.Build.0 = Release|Any CPU
		{AC173DEB-8559-4353-BFA9-55E77F071B99}.Debug|Any CPU.ActiveCfg = Debug|Any CPU
		{AC173DEB-8559-4353-BFA9-55E77F071B99}.Debug|Any CPU.Build.0 = Debug|Any CPU
		{AC173DEB-8559-4353-BFA9-55E77F071B99}.Release|Any CPU.ActiveCfg = Release|Any CPU
		{AC173DEB-8559-4353-BFA9-55E77F071B99}.Release|Any CPU.Build.0 = Release|Any CPU
		{EB53BE70-3BA4-40EB-8646-096693448404}.Debug|Any CPU.ActiveCfg = Debug|Any CPU
		{EB53BE70-3BA4-40EB-8646-096693448404}.Debug|Any CPU.Build.0 = Debug|Any CPU
		{EB53BE70-3BA4-40EB-8646-096693448404}.Release|Any CPU.ActiveCfg = Release|Any CPU
		{EB53BE70-3BA4-40EB-8646-096693448404}.Release|Any CPU.Build.0 = Release|Any CPU
		{D88F6A90-CC94-42D1-ABCC-D31BD0F8FE94}.Debug|Any CPU.ActiveCfg = Debug|Any CPU
		{D88F6A90-CC94-42D1-ABCC-D31BD0F8FE94}.Debug|Any CPU.Build.0 = Debug|Any CPU
		{D88F6A90-CC94-42D1-ABCC-D31BD0F8FE94}.Release|Any CPU.ActiveCfg = Release|Any CPU
		{D88F6A90-CC94-42D1-ABCC-D31BD0F8FE94}.Release|Any CPU.Build.0 = Release|Any CPU
	EndGlobalSection
	GlobalSection(SolutionProperties) = preSolution
		HideSolutionNode = FALSE
	EndGlobalSection
EndGlobal
